
Microsoft Visual Studio Solution File, Format Version 12.00
# Visual Studio Version 16
VisualStudioVersion = 16.0.33027.164
MinimumVisualStudioVersion = 10.0.40219.1
Project("{FAE04EC0-301F-11D3-BF4B-00C04F79EFBC}") = "ValheimTameHowlMod", "ValheimTameHowlMod\ValheimTameHowlMod.csproj", "{9E647534-F920-4303-98C2-9574A5845DEE}"
EndProject
Global
	GlobalSection(SolutionConfigurationPlatforms) = preSolution
		Debug|Any CPU = Debug|Any CPU
		Release|Any CPU = Release|Any CPU
	EndGlobalSection
	GlobalSection(ProjectConfigurationPlatforms) = postSolution
		{9E647534-F920-4303-98C2-9574A5845DEE}.Debug|Any CPU.ActiveCfg = Debug|Any CPU
		{9E647534-F920-4303-98C2-9574A5845DEE}.Debug|Any CPU.Build.0 = Debug|Any CPU
		{9E647534-F920-4303-98C2-9574A5845DEE}.Release|Any CPU.ActiveCfg = Release|Any CPU
		{9E647534-F920-4303-98C2-9574A5845DEE}.Release|Any CPU.Build.0 = Release|Any CPU
	EndGlobalSection
	GlobalSection(SolutionProperties) = preSolution
		HideSolutionNode = FALSE
	EndGlobalSection
	GlobalSection(ExtensibilityGlobals) = postSolution
		SolutionGuid = {8E8C6671-A997-4396-871A-7C72129D3DAA}
	EndGlobalSection
EndGlobal
